// !$*UTF8*$!
{
	archiveVersion = 1;
	classes = {
	};
	objectVersion = 50;
	objects = {

/* Begin PBXBuildFile section */
		0709140321E89C5600825E5B /* MasterAVPlayer.m in Sources */ = {isa = PBXBuildFile; fileRef = 0709140221E89C5600825E5B /* MasterAVPlayer.m */; };
		07193CA121ED894A00D82EA4 /* AVFoundation.framework in Frameworks */ = {isa = PBXBuildFile; fileRef = 07193CA021ED894A00D82EA4 /* AVFoundation.framework */; };
		07890B1F21D774EB0037F430 /* AppDelegate.m in Sources */ = {isa = PBXBuildFile; fileRef = 07890B1E21D774EB0037F430 /* AppDelegate.m */; };
		07890B2221D774EB0037F430 /* ViewController.m in Sources */ = {isa = PBXBuildFile; fileRef = 07890B2121D774EB0037F430 /* ViewController.m */; };
		07890B2521D774EB0037F430 /* Main.storyboard in Resources */ = {isa = PBXBuildFile; fileRef = 07890B2321D774EB0037F430 /* Main.storyboard */; };
		07890B2721D774EB0037F430 /* Assets.xcassets in Resources */ = {isa = PBXBuildFile; fileRef = 07890B2621D774EB0037F430 /* Assets.xcassets */; };
		07890B2A21D774EB0037F430 /* LaunchScreen.storyboard in Resources */ = {isa = PBXBuildFile; fileRef = 07890B2821D774EB0037F430 /* LaunchScreen.storyboard */; };
		07890B2D21D774EB0037F430 /* main.m in Sources */ = {isa = PBXBuildFile; fileRef = 07890B2C21D774EB0037F430 /* main.m */; };
		07890B3721D774EB0037F430 /* MasterAVPlayerTests.m in Sources */ = {isa = PBXBuildFile; fileRef = 07890B3621D774EB0037F430 /* MasterAVPlayerTests.m */; };
		07890B4221D774EB0037F430 /* MasterAVPlayerUITests.m in Sources */ = {isa = PBXBuildFile; fileRef = 07890B4121D774EB0037F430 /* MasterAVPlayerUITests.m */; };
/* End PBXBuildFile section */

/* Begin PBXContainerItemProxy section */
		07890B3321D774EB0037F430 /* PBXContainerItemProxy */ = {
			isa = PBXContainerItemProxy;
			containerPortal = 07890B1221D774EA0037F430 /* Project object */;
			proxyType = 1;
			remoteGlobalIDString = 07890B1921D774EA0037F430;
			remoteInfo = MasterAVPlayer;
		};
		07890B3E21D774EB0037F430 /* PBXContainerItemProxy */ = {
			isa = PBXContainerItemProxy;
			containerPortal = 07890B1221D774EA0037F430 /* Project object */;
			proxyType = 1;
			remoteGlobalIDString = 07890B1921D774EA0037F430;
			remoteInfo = MasterAVPlayer;
		};
/* End PBXContainerItemProxy section */

/* Begin PBXFileReference section */
		0709140121E89C5600825E5B /* MasterAVPlayer.h */ = {isa = PBXFileReference; lastKnownFileType = sourcecode.c.h; path = MasterAVPlayer.h; sourceTree = "<group>"; };
		0709140221E89C5600825E5B /* MasterAVPlayer.m */ = {isa = PBXFileReference; lastKnownFileType = sourcecode.c.objc; path = MasterAVPlayer.m; sourceTree = "<group>"; };
		07193CA021ED894A00D82EA4 /* AVFoundation.framework */ = {isa = PBXFileReference; lastKnownFileType = wrapper.framework; name = AVFoundation.framework; path = System/Library/Frameworks/AVFoundation.framework; sourceTree = SDKROOT; };
		07193CA321ED8A6F00D82EA4 /* PrefixHeader.pch */ = {isa = PBXFileReference; lastKnownFileType = sourcecode.c.h; path = PrefixHeader.pch; sourceTree = "<group>"; };
		07890B1A21D774EA0037F430 /* MasterAVPlayer.app */ = {isa = PBXFileReference; explicitFileType = wrapper.application; includeInIndex = 0; path = MasterAVPlayer.app; sourceTree = BUILT_PRODUCTS_DIR; };
		07890B1D21D774EB0037F430 /* AppDelegate.h */ = {isa = PBXFileReference; lastKnownFileType = sourcecode.c.h; path = AppDelegate.h; sourceTree = "<group>"; };
		07890B1E21D774EB0037F430 /* AppDelegate.m */ = {isa = PBXFileReference; lastKnownFileType = sourcecode.c.objc; path = AppDelegate.m; sourceTree = "<group>"; };
		07890B2021D774EB0037F430 /* ViewController.h */ = {isa = PBXFileReference; lastKnownFileType = sourcecode.c.h; path = ViewController.h; sourceTree = "<group>"; };
		07890B2121D774EB0037F430 /* ViewController.m */ = {isa = PBXFileReference; lastKnownFileType = sourcecode.c.objc; path = ViewController.m; sourceTree = "<group>"; };
		07890B2421D774EB0037F430 /* Base */ = {isa = PBXFileReference; lastKnownFileType = file.storyboard; name = Base; path = Base.lproj/Main.storyboard; sourceTree = "<group>"; };
		07890B2621D774EB0037F430 /* Assets.xcassets */ = {isa = PBXFileReference; lastKnownFileType = folder.assetcatalog; path = Assets.xcassets; sourceTree = "<group>"; };
		07890B2921D774EB0037F430 /* Base */ = {isa = PBXFileReference; lastKnownFileType = file.storyboard; name = Base; path = Base.lproj/LaunchScreen.storyboard; sourceTree = "<group>"; };
		07890B2B21D774EB0037F430 /* Info.plist */ = {isa = PBXFileReference; lastKnownFileType = text.plist.xml; path = Info.plist; sourceTree = "<group>"; };
		07890B2C21D774EB0037F430 /* main.m */ = {isa = PBXFileReference; lastKnownFileType = sourcecode.c.objc; path = main.m; sourceTree = "<group>"; };
		07890B3221D774EB0037F430 /* MasterAVPlayerTests.xctest */ = {isa = PBXFileReference; explicitFileType = wrapper.cfbundle; includeInIndex = 0; path = MasterAVPlayerTests.xctest; sourceTree = BUILT_PRODUCTS_DIR; };
		07890B3621D774EB0037F430 /* MasterAVPlayerTests.m */ = {isa = PBXFileReference; lastKnownFileType = sourcecode.c.objc; path = MasterAVPlayerTests.m; sourceTree = "<group>"; };
		07890B3821D774EB0037F430 /* Info.plist */ = {isa = PBXFileReference; lastKnownFileType = text.plist.xml; path = Info.plist; sourceTree = "<group>"; };
		07890B3D21D774EB0037F430 /* MasterAVPlayerUITests.xctest */ = {isa = PBXFileReference; explicitFileType = wrapper.cfbundle; includeInIndex = 0; path = MasterAVPlayerUITests.xctest; sourceTree = BUILT_PRODUCTS_DIR; };
		07890B4121D774EB0037F430 /* MasterAVPlayerUITests.m */ = {isa = PBXFileReference; lastKnownFileType = sourcecode.c.objc; path = MasterAVPlayerUITests.m; sourceTree = "<group>"; };
		07890B4321D774EB0037F430 /* Info.plist */ = {isa = PBXFileReference; lastKnownFileType = text.plist.xml; path = Info.plist; sourceTree = "<group>"; };
/* End PBXFileReference section */

/* Begin PBXFrameworksBuildPhase section */
		07890B1721D774EA0037F430 /* Frameworks */ = {
			isa = PBXFrameworksBuildPhase;
			buildActionMask = 2147483647;
			files = (
				07193CA121ED894A00D82EA4 /* AVFoundation.framework in Frameworks */,
			);
			runOnlyForDeploymentPostprocessing = 0;
		};
		07890B2F21D774EB0037F430 /* Frameworks */ = {
			isa = PBXFrameworksBuildPhase;
			buildActionMask = 2147483647;
			files = (
			);
			runOnlyForDeploymentPostprocessing = 0;
		};
		07890B3A21D774EB0037F430 /* Frameworks */ = {
			isa = PBXFrameworksBuildPhase;
			buildActionMask = 2147483647;
			files = (
			);
			runOnlyForDeploymentPostprocessing = 0;
		};
/* End PBXFrameworksBuildPhase section */

/* Begin PBXGroup section */
		0709140021E89C3000825E5B /* Views */ = {
			isa = PBXGroup;
			children = (
				0709140121E89C5600825E5B /* MasterAVPlayer.h */,
				0709140221E89C5600825E5B /* MasterAVPlayer.m */,
			);
			path = Views;
			sourceTree = "<group>";
		};
		07193C9F21ED894A00D82EA4 /* Frameworks */ = {
			isa = PBXGroup;
			children = (
				07193CA021ED894A00D82EA4 /* AVFoundation.framework */,
			);
			name = Frameworks;
			sourceTree = "<group>";
		};
		07890B1121D774EA0037F430 = {
			isa = PBXGroup;
			children = (
				07890B1C21D774EA0037F430 /* MasterAVPlayer */,
				07890B3521D774EB0037F430 /* MasterAVPlayerTests */,
				07890B4021D774EB0037F430 /* MasterAVPlayerUITests */,
				07890B1B21D774EA0037F430 /* Products */,
				07193C9F21ED894A00D82EA4 /* Frameworks */,
			);
			sourceTree = "<group>";
		};
		07890B1B21D774EA0037F430 /* Products */ = {
			isa = PBXGroup;
			children = (
				07890B1A21D774EA0037F430 /* MasterAVPlayer.app */,
				07890B3221D774EB0037F430 /* MasterAVPlayerTests.xctest */,
				07890B3D21D774EB0037F430 /* MasterAVPlayerUITests.xctest */,
			);
			name = Products;
			sourceTree = "<group>";
		};
		07890B1C21D774EA0037F430 /* MasterAVPlayer */ = {
			isa = PBXGroup;
			children = (
				0709140021E89C3000825E5B /* Views */,
				07890B1D21D774EB0037F430 /* AppDelegate.h */,
				07890B1E21D774EB0037F430 /* AppDelegate.m */,
				07890B2021D774EB0037F430 /* ViewController.h */,
				07890B2121D774EB0037F430 /* ViewController.m */,
				07890B2321D774EB0037F430 /* Main.storyboard */,
				07890B2621D774EB0037F430 /* Assets.xcassets */,
				07890B2821D774EB0037F430 /* LaunchScreen.storyboard */,
				07890B2B21D774EB0037F430 /* Info.plist */,
				07890B2C21D774EB0037F430 /* main.m */,
				07193CA321ED8A6F00D82EA4 /* PrefixHeader.pch */,
			);
			path = MasterAVPlayer;
			sourceTree = "<group>";
		};
		07890B3521D774EB0037F430 /* MasterAVPlayerTests */ = {
			isa = PBXGroup;
			children = (
				07890B3621D774EB0037F430 /* MasterAVPlayerTests.m */,
				07890B3821D774EB0037F430 /* Info.plist */,
			);
			path = MasterAVPlayerTests;
			sourceTree = "<group>";
		};
		07890B4021D774EB0037F430 /* MasterAVPlayerUITests */ = {
			isa = PBXGroup;
			children = (
				07890B4121D774EB0037F430 /* MasterAVPlayerUITests.m */,
				07890B4321D774EB0037F430 /* Info.plist */,
			);
			path = MasterAVPlayerUITests;
			sourceTree = "<group>";
		};
/* End PBXGroup section */

/* Begin PBXNativeTarget section */
		07890B1921D774EA0037F430 /* MasterAVPlayer */ = {
			isa = PBXNativeTarget;
			buildConfigurationList = 07890B4621D774EB0037F430 /* Build configuration list for PBXNativeTarget "MasterAVPlayer" */;
			buildPhases = (
				07890B1621D774EA0037F430 /* Sources */,
				07890B1721D774EA0037F430 /* Frameworks */,
				07890B1821D774EA0037F430 /* Resources */,
			);
			buildRules = (
			);
			dependencies = (
			);
			name = MasterAVPlayer;
			productName = MasterAVPlayer;
			productReference = 07890B1A21D774EA0037F430 /* MasterAVPlayer.app */;
			productType = "com.apple.product-type.application";
		};
		07890B3121D774EB0037F430 /* MasterAVPlayerTests */ = {
			isa = PBXNativeTarget;
			buildConfigurationList = 07890B4921D774EB0037F430 /* Build configuration list for PBXNativeTarget "MasterAVPlayerTests" */;
			buildPhases = (
				07890B2E21D774EB0037F430 /* Sources */,
				07890B2F21D774EB0037F430 /* Frameworks */,
				07890B3021D774EB0037F430 /* Resources */,
			);
			buildRules = (
			);
			dependencies = (
				07890B3421D774EB0037F430 /* PBXTargetDependency */,
			);
			name = MasterAVPlayerTests;
			productName = MasterAVPlayerTests;
			productReference = 07890B3221D774EB0037F430 /* MasterAVPlayerTests.xctest */;
			productType = "com.apple.product-type.bundle.unit-test";
		};
		07890B3C21D774EB0037F430 /* MasterAVPlayerUITests */ = {
			isa = PBXNativeTarget;
			buildConfigurationList = 07890B4C21D774EB0037F430 /* Build configuration list for PBXNativeTarget "MasterAVPlayerUITests" */;
			buildPhases = (
				07890B3921D774EB0037F430 /* Sources */,
				07890B3A21D774EB0037F430 /* Frameworks */,
				07890B3B21D774EB0037F430 /* Resources */,
			);
			buildRules = (
			);
			dependencies = (
				07890B3F21D774EB0037F430 /* PBXTargetDependency */,
			);
			name = MasterAVPlayerUITests;
			productName = MasterAVPlayerUITests;
			productReference = 07890B3D21D774EB0037F430 /* MasterAVPlayerUITests.xctest */;
			productType = "com.apple.product-type.bundle.ui-testing";
		};
/* End PBXNativeTarget section */

/* Begin PBXProject section */
		07890B1221D774EA0037F430 /* Project object */ = {
			isa = PBXProject;
			attributes = {
				LastUpgradeCheck = 1010;
				ORGANIZATIONNAME = eric;
				TargetAttributes = {
					07890B1921D774EA0037F430 = {
						CreatedOnToolsVersion = 10.1;
					};
					07890B3121D774EB0037F430 = {
						CreatedOnToolsVersion = 10.1;
						TestTargetID = 07890B1921D774EA0037F430;
					};
					07890B3C21D774EB0037F430 = {
						CreatedOnToolsVersion = 10.1;
						TestTargetID = 07890B1921D774EA0037F430;
					};
				};
			};
			buildConfigurationList = 07890B1521D774EA0037F430 /* Build configuration list for PBXProject "MasterAVPlayer" */;
			compatibilityVersion = "Xcode 9.3";
			developmentRegion = en;
			hasScannedForEncodings = 0;
			knownRegions = (
				en,
				Base,
			);
			mainGroup = 07890B1121D774EA0037F430;
			productRefGroup = 07890B1B21D774EA0037F430 /* Products */;
			projectDirPath = "";
			projectRoot = "";
			targets = (
				07890B1921D774EA0037F430 /* MasterAVPlayer */,
				07890B3121D774EB0037F430 /* MasterAVPlayerTests */,
				07890B3C21D774EB0037F430 /* MasterAVPlayerUITests */,
			);
		};
/* End PBXProject section */

/* Begin PBXResourcesBuildPhase section */
		07890B1821D774EA0037F430 /* Resources */ = {
			isa = PBXResourcesBuildPhase;
			buildActionMask = 2147483647;
			files = (
				07890B2A21D774EB0037F430 /* LaunchScreen.storyboard in Resources */,
				07890B2721D774EB0037F430 /* Assets.xcassets in Resources */,
				07890B2521D774EB0037F430 /* Main.storyboard in Resources */,
			);
			runOnlyForDeploymentPostprocessing = 0;
		};
		07890B3021D774EB0037F430 /* Resources */ = {
			isa = PBXResourcesBuildPhase;
			buildActionMask = 2147483647;
			files = (
			);
			runOnlyForDeploymentPostprocessing = 0;
		};
		07890B3B21D774EB0037F430 /* Resources */ = {
			isa = PBXResourcesBuildPhase;
			buildActionMask = 2147483647;
			files = (
			);
			runOnlyForDeploymentPostprocessing = 0;
		};
/* End PBXResourcesBuildPhase section */

/* Begin PBXSourcesBuildPhase section */
		07890B1621D774EA0037F430 /* Sources */ = {
			isa = PBXSourcesBuildPhase;
			buildActionMask = 2147483647;
			files = (
				07890B2221D774EB0037F430 /* ViewController.m in Sources */,
				07890B2D21D774EB0037F430 /* main.m in Sources */,
				07890B1F21D774EB0037F430 /* AppDelegate.m in Sources */,
				0709140321E89C5600825E5B /* MasterAVPlayer.m in Sources */,
			);
			runOnlyForDeploymentPostprocessing = 0;
		};
		07890B2E21D774EB0037F430 /* Sources */ = {
			isa = PBXSourcesBuildPhase;
			buildActionMask = 2147483647;
			files = (
				07890B3721D774EB0037F430 /* MasterAVPlayerTests.m in Sources */,
			);
			runOnlyForDeploymentPostprocessing = 0;
		};
		07890B3921D774EB0037F430 /* Sources */ = {
			isa = PBXSourcesBuildPhase;
			buildActionMask = 2147483647;
			files = (
				07890B4221D774EB0037F430 /* MasterAVPlayerUITests.m in Sources */,
			);
			runOnlyForDeploymentPostprocessing = 0;
		};
/* End PBXSourcesBuildPhase section */

/* Begin PBXTargetDependency section */
		07890B3421D774EB0037F430 /* PBXTargetDependency */ = {
			isa = PBXTargetDependency;
			target = 07890B1921D774EA0037F430 /* MasterAVPlayer */;
			targetProxy = 07890B3321D774EB0037F430 /* PBXContainerItemProxy */;
		};
		07890B3F21D774EB0037F430 /* PBXTargetDependency */ = {
			isa = PBXTargetDependency;
			target = 07890B1921D774EA0037F430 /* MasterAVPlayer */;
			targetProxy = 07890B3E21D774EB0037F430 /* PBXContainerItemProxy */;
		};
/* End PBXTargetDependency section */

/* Begin PBXVariantGroup section */
		07890B2321D774EB0037F430 /* Main.storyboard */ = {
			isa = PBXVariantGroup;
			children = (
				07890B2421D774EB0037F430 /* Base */,
			);
			name = Main.storyboard;
			sourceTree = "<group>";
		};
		07890B2821D774EB0037F430 /* LaunchScreen.storyboard */ = {
			isa = PBXVariantGroup;
			children = (
				07890B2921D774EB0037F430 /* Base */,
			);
			name = LaunchScreen.storyboard;
			sourceTree = "<group>";
		};
/* End PBXVariantGroup section */

/* Begin XCBuildConfiguration section */
		07890B4421D774EB0037F430 /* Debug */ = {
			isa = XCBuildConfiguration;
			buildSettings = {
				ALWAYS_SEARCH_USER_PATHS = NO;
				CLANG_ANALYZER_NONNULL = YES;
				CLANG_ANALYZER_NUMBER_OBJECT_CONVERSION = YES_AGGRESSIVE;
				CLANG_CXX_LANGUAGE_STANDARD = "gnu++14";
				CLANG_CXX_LIBRARY = "libc++";
				CLANG_ENABLE_MODULES = YES;
				CLANG_ENABLE_OBJC_ARC = YES;
				CLANG_ENABLE_OBJC_WEAK = YES;
				CLANG_WARN_BLOCK_CAPTURE_AUTORELEASING = YES;
				CLANG_WARN_BOOL_CONVERSION = YES;
				CLANG_WARN_COMMA = YES;
				CLANG_WARN_CONSTANT_CONVERSION = YES;
				CLANG_WARN_DEPRECATED_OBJC_IMPLEMENTATIONS = YES;
				CLANG_WARN_DIRECT_OBJC_ISA_USAGE = YES_ERROR;
				CLANG_WARN_DOCUMENTATION_COMMENTS = YES;
				CLANG_WARN_EMPTY_BODY = YES;
				CLANG_WARN_ENUM_CONVERSION = YES;
				CLANG_WARN_INFINITE_RECURSION = YES;
				CLANG_WARN_INT_CONVERSION = YES;
				CLANG_WARN_NON_LITERAL_NULL_CONVERSION = YES;
				CLANG_WARN_OBJC_IMPLICIT_RETAIN_SELF = YES;
				CLANG_WARN_OBJC_LITERAL_CONVERSION = YES;
				CLANG_WARN_OBJC_ROOT_CLASS = YES_ERROR;
				CLANG_WARN_RANGE_LOOP_ANALYSIS = YES;
				CLANG_WARN_STRICT_PROTOTYPES = YES;
				CLANG_WARN_SUSPICIOUS_MOVE = YES;
				CLANG_WARN_UNGUARDED_AVAILABILITY = YES_AGGRESSIVE;
				CLANG_WARN_UNREACHABLE_CODE = YES;
				CLANG_WARN__DUPLICATE_METHOD_MATCH = YES;
				CODE_SIGN_IDENTITY = "iPhone Developer";
				COPY_PHASE_STRIP = NO;
				DEBUG_INFORMATION_FORMAT = dwarf;
				ENABLE_STRICT_OBJC_MSGSEND = YES;
				ENABLE_TESTABILITY = YES;
				GCC_C_LANGUAGE_STANDARD = gnu11;
				GCC_DYNAMIC_NO_PIC = NO;
				GCC_NO_COMMON_BLOCKS = YES;
				GCC_OPTIMIZATION_LEVEL = 0;
				GCC_PREPROCESSOR_DEFINITIONS = (
					"DEBUG=1",
					"$(inherited)",
				);
				GCC_WARN_64_TO_32_BIT_CONVERSION = YES;
				GCC_WARN_ABOUT_RETURN_TYPE = YES_ERROR;
				GCC_WARN_UNDECLARED_SELECTOR = YES;
				GCC_WARN_UNINITIALIZED_AUTOS = YES_AGGRESSIVE;
				GCC_WARN_UNUSED_FUNCTION = YES;
				GCC_WARN_UNUSED_VARIABLE = YES;
				IPHONEOS_DEPLOYMENT_TARGET = 12.1;
				MTL_ENABLE_DEBUG_INFO = INCLUDE_SOURCE;
				MTL_FAST_MATH = YES;
				ONLY_ACTIVE_ARCH = YES;
				SDKROOT = iphoneos;
			};
			name = Debug;
		};
		07890B4521D774EB0037F430 /* Release */ = {
			isa = XCBuildConfiguration;
			buildSettings = {
				ALWAYS_SEARCH_USER_PATHS = NO;
				CLANG_ANALYZER_NONNULL = YES;
				CLANG_ANALYZER_NUMBER_OBJECT_CONVERSION = YES_AGGRESSIVE;
				CLANG_CXX_LANGUAGE_STANDARD = "gnu++14";
				CLANG_CXX_LIBRARY = "libc++";
				CLANG_ENABLE_MODULES = YES;
				CLANG_ENABLE_OBJC_ARC = YES;
				CLANG_ENABLE_OBJC_WEAK = YES;
				CLANG_WARN_BLOCK_CAPTURE_AUTORELEASING = YES;
				CLANG_WARN_BOOL_CONVERSION = YES;
				CLANG_WARN_COMMA = YES;
				CLANG_WARN_CONSTANT_CONVERSION = YES;
				CLANG_WARN_DEPRECATED_OBJC_IMPLEMENTATIONS = YES;
				CLANG_WARN_DIRECT_OBJC_ISA_USAGE = YES_ERROR;
				CLANG_WARN_DOCUMENTATION_COMMENTS = YES;
				CLANG_WARN_EMPTY_BODY = YES;
				CLANG_WARN_ENUM_CONVERSION = YES;
				CLANG_WARN_INFINITE_RECURSION = YES;
				CLANG_WARN_INT_CONVERSION = YES;
				CLANG_WARN_NON_LITERAL_NULL_CONVERSION = YES;
				CLANG_WARN_OBJC_IMPLICIT_RETAIN_SELF = YES;
				CLANG_WARN_OBJC_LITERAL_CONVERSION = YES;
				CLANG_WARN_OBJC_ROOT_CLASS = YES_ERROR;
				CLANG_WARN_RANGE_LOOP_ANALYSIS = YES;
				CLANG_WARN_STRICT_PROTOTYPES = YES;
				CLANG_WARN_SUSPICIOUS_MOVE = YES;
				CLANG_WARN_UNGUARDED_AVAILABILITY = YES_AGGRESSIVE;
				CLANG_WARN_UNREACHABLE_CODE = YES;
				CLANG_WARN__DUPLICATE_METHOD_MATCH = YES;
				CODE_SIGN_IDENTITY = "iPhone Developer";
				COPY_PHASE_STRIP = NO;
				DEBUG_INFORMATION_FORMAT = "dwarf-with-dsym";
				ENABLE_NS_ASSERTIONS = NO;
				ENABLE_STRICT_OBJC_MSGSEND = YES;
				GCC_C_LANGUAGE_STANDARD = gnu11;
				GCC_NO_COMMON_BLOCKS = YES;
				GCC_WARN_64_TO_32_BIT_CONVERSION = YES;
				GCC_WARN_ABOUT_RETURN_TYPE = YES_ERROR;
				GCC_WARN_UNDECLARED_SELECTOR = YES;
				GCC_WARN_UNINITIALIZED_AUTOS = YES_AGGRESSIVE;
				GCC_WARN_UNUSED_FUNCTION = YES;
				GCC_WARN_UNUSED_VARIABLE = YES;
				IPHONEOS_DEPLOYMENT_TARGET = 12.1;
				MTL_ENABLE_DEBUG_INFO = NO;
				MTL_FAST_MATH = YES;
				SDKROOT = iphoneos;
				VALIDATE_PRODUCT = YES;
			};
			name = Release;
		};
		07890B4721D774EB0037F430 /* Debug */ = {
			isa = XCBuildConfiguration;
			buildSettings = {
				ASSETCATALOG_COMPILER_APPICON_NAME = AppIcon;
				CODE_SIGN_STYLE = Automatic;
				DEVELOPMENT_TEAM = 4ZV48THUSH;
				GCC_PREFIX_HEADER = "$(SRCROOT)/MasterAVPlayer/PrefixHeader.pch";
				INFOPLIST_FILE = MasterAVPlayer/Info.plist;
				LD_RUNPATH_SEARCH_PATHS = (
					"$(inherited)",
					"@executable_path/Frameworks",
				);
				PRODUCT_BUNDLE_IDENTIFIER = eric.MasterAVPlayer;
				PRODUCT_NAME = "$(TARGET_NAME)";
				TARGETED_DEVICE_FAMILY = "1,2";
			};
			name = Debug;
		};
		07890B4821D774EB0037F430 /* Release */ = {
			isa = XCBuildConfiguration;
			buildSettings = {
				ASSETCATALOG_COMPILER_APPICON_NAME = AppIcon;
				CODE_SIGN_STYLE = Automatic;
				DEVELOPMENT_TEAM = 4ZV48THUSH;
				GCC_PREFIX_HEADER = "$(SRCROOT)/MasterAVPlayer/PrefixHeader.pch";
				INFOPLIST_FILE = MasterAVPlayer/Info.plist;
				LD_RUNPATH_SEARCH_PATHS = (
					"$(inherited)",
					"@executable_path/Frameworks",
				);
				PRODUCT_BUNDLE_IDENTIFIER = eric.MasterAVPlayer;
				PRODUCT_NAME = "$(TARGET_NAME)";
				TARGETED_DEVICE_FAMILY = "1,2";
			};
			name = Release;
		};
		07890B4A21D774EB0037F430 /* Debug */ = {
			isa = XCBuildConfiguration;
			buildSettings = {
				BUNDLE_LOADER = "$(TEST_HOST)";
				CODE_SIGN_STYLE = Automatic;
				DEVELOPMENT_TEAM = 4ZV48THUSH;
				INFOPLIST_FILE = MasterAVPlayerTests/Info.plist;
				LD_RUNPATH_SEARCH_PATHS = (
					"$(inherited)",
					"@executable_path/Frameworks",
					"@loader_path/Frameworks",
				);
				PRODUCT_BUNDLE_IDENTIFIER = eric.MasterAVPlayerTests;
				PRODUCT_NAME = "$(TARGET_NAME)";
				TARGETED_DEVICE_FAMILY = "1,2";
				TEST_HOST = "$(BUILT_PRODUCTS_DIR)/MasterAVPlayer.app/MasterAVPlayer";
			};
			name = Debug;
		};
		07890B4B21D774EB0037F430 /* Release */ = {
			isa = XCBuildConfiguration;
			buildSettings = {
				BUNDLE_LOADER = "$(TEST_HOST)";
				CODE_SIGN_STYLE = Automatic;
				DEVELOPMENT_TEAM = 4ZV48THUSH;
				INFOPLIST_FILE = MasterAVPlayerTests/Info.plist;
				LD_RUNPATH_SEARCH_PATHS = (
					"$(inherited)",
					"@executable_path/Frameworks",
					"@loader_path/Frameworks",
				);
				PRODUCT_BUNDLE_IDENTIFIER = eric.MasterAVPlayerTests;
				PRODUCT_NAME = "$(TARGET_NAME)";
				TARGETED_DEVICE_FAMILY = "1,2";
				TEST_HOST = "$(BUILT_PRODUCTS_DIR)/MasterAVPlayer.app/MasterAVPlayer";
			};
			name = Release;
		};
		07890B4D21D774EB0037F430 /* Debug */ = {
			isa = XCBuildConfiguration;
			buildSettings = {
				CODE_SIGN_STYLE = Automatic;
				DEVELOPMENT_TEAM = 4ZV48THUSH;
				INFOPLIST_FILE = MasterAVPlayerUITests/Info.plist;
				LD_RUNPATH_SEARCH_PATHS = (
					"$(inherited)",
					"@executable_path/Frameworks",
					"@loader_path/Frameworks",
				);
				PRODUCT_BUNDLE_IDENTIFIER = eric.MasterAVPlayerUITests;
				PRODUCT_NAME = "$(TARGET_NAME)";
				TARGETED_DEVICE_FAMILY = "1,2";
				TEST_TARGET_NAME = MasterAVPlayer;
			};
			name = Debug;
		};
		07890B4E21D774EB0037F430 /* Release */ = {
			isa = XCBuildConfiguration;
			buildSettings = {
				CODE_SIGN_STYLE = Automatic;
				DEVELOPMENT_TEAM = 4ZV48THUSH;
				INFOPLIST_FILE = MasterAVPlayerUITests/Info.plist;
				LD_RUNPATH_SEARCH_PATHS = (
					"$(inherited)",
					"@executable_path/Frameworks",
					"@loader_path/Frameworks",
				);
				PRODUCT_BUNDLE_IDENTIFIER = eric.MasterAVPlayerUITests;
				PRODUCT_NAME = "$(TARGET_NAME)";
				TARGETED_DEVICE_FAMILY = "1,2";
				TEST_TARGET_NAME = MasterAVPlayer;
			};
			name = Release;
		};
/* End XCBuildConfiguration section */

/* Begin XCConfigurationList section */
		07890B1521D774EA0037F430 /* Build configuration list for PBXProject "MasterAVPlayer" */ = {
			isa = XCConfigurationList;
			buildConfigurations = (
				07890B4421D774EB0037F430 /* Debug */,
				07890B4521D774EB0037F430 /* Release */,
			);
			defaultConfigurationIsVisible = 0;
			defaultConfigurationName = Release;
		};
		07890B4621D774EB0037F430 /* Build configuration list for PBXNativeTarget "MasterAVPlayer" */ = {
			isa = XCConfigurationList;
			buildConfigurations = (
				07890B4721D774EB0037F430 /* Debug */,
				07890B4821D774EB0037F430 /* Release */,
			);
			defaultConfigurationIsVisible = 0;
			defaultConfigurationName = Release;
		};
		07890B4921D774EB0037F430 /* Build configuration list for PBXNativeTarget "MasterAVPlayerTests" */ = {
			isa = XCConfigurationList;
			buildConfigurations = (
				07890B4A21D774EB0037F430 /* Debug */,
				07890B4B21D774EB0037F430 /* Release */,
			);
			defaultConfigurationIsVisible = 0;
			defaultConfigurationName = Release;
		};
		07890B4C21D774EB0037F430 /* Build configuration list for PBXNativeTarget "MasterAVPlayerUITests" */ = {
			isa = XCConfigurationList;
			buildConfigurations = (
				07890B4D21D774EB0037F430 /* Debug */,
				07890B4E21D774EB0037F430 /* Release */,
			);
			defaultConfigurationIsVisible = 0;
			defaultConfigurationName = Release;
		};
/* End XCConfigurationList section */
	};
	rootObject = 07890B1221D774EA0037F430 /* Project object */;
}
